// !$*UTF8*$!
{
	archiveVersion = 1;
	classes = {
	};
	objectVersion = 50;
	objects = {

/* Begin PBXBuildFile section */
		10B0C241237CC9D40029247F /* main.c in Sources */ = {isa = PBXBuildFile; fileRef = 10B0C240237CC9D40029247F /* main.c */; };
		10B0C25B237E94CC0029247F /* main1.c in Sources */ = {isa = PBXBuildFile; fileRef = 10B0C25A237E94CC0029247F /* main1.c */; };
		10B0C25D237E9B950029247F /* main2.c in Sources */ = {isa = PBXBuildFile; fileRef = 10B0C25C237E9B950029247F /* main2.c */; };
		10B0C25F237E9C2E0029247F /* main3.c in Sources */ = {isa = PBXBuildFile; fileRef = 10B0C25E237E9C2E0029247F /* main3.c */; };
/* End PBXBuildFile section */

/* Begin PBXCopyFilesBuildPhase section */
		10B0C23B237CC9D40029247F /* CopyFiles */ = {
			isa = PBXCopyFilesBuildPhase;
			buildActionMask = 2147483647;
			dstPath = /usr/share/man/man1/;
			dstSubfolderSpec = 0;
			files = (
			);
			runOnlyForDeploymentPostprocessing = 1;
		};
/* End PBXCopyFilesBuildPhase section */

/* Begin PBXFileReference section */
		10B0C23D237CC9D40029247F /* 19-11-14C 字符集转换 */ = {isa = PBXFileReference; explicitFileType = "compiled.mach-o.executable"; includeInIndex = 0; path = "19-11-14C 字符集转换"; sourceTree = BUILT_PRODUCTS_DIR; };
		10B0C240237CC9D40029247F /* main.c */ = {isa = PBXFileReference; lastKnownFileType = sourcecode.c.c; path = main.c; sourceTree = "<group>"; };
		10B0C25A237E94CC0029247F /* main1.c */ = {isa = PBXFileReference; lastKnownFileType = sourcecode.c.c; path = main1.c; sourceTree = "<group>"; };
		10B0C25C237E9B950029247F /* main2.c */ = {isa = PBXFileReference; lastKnownFileType = sourcecode.c.c; path = main2.c; sourceTree = "<group>"; };
		10B0C25E237E9C2E0029247F /* main3.c */ = {isa = PBXFileReference; lastKnownFileType = sourcecode.c.c; path = main3.c; sourceTree = "<group>"; };
/* End PBXFileReference section */

/* Begin PBXFrameworksBuildPhase section */
		10B0C23A237CC9D40029247F /* Frameworks */ = {
			isa = PBXFrameworksBuildPhase;
			buildActionMask = 2147483647;
			files = (
			);
			runOnlyForDeploymentPostprocessing = 0;
		};
/* End PBXFrameworksBuildPhase section */

/* Begin PBXGroup section */
		10B0C234237CC9D40029247F = {
			isa = PBXGroup;
			children = (
				10B0C23F237CC9D40029247F /* 19-11-14C 字符集转换 */,
				10B0C23E237CC9D40029247F /* Products */,
			);
			sourceTree = "<group>";
		};
		10B0C23E237CC9D40029247F /* Products */ = {
			isa = PBXGroup;
			children = (
				10B0C23D237CC9D40029247F /* 19-11-14C 字符集转换 */,
			);
			name = Products;
			sourceTree = "<group>";
		};
		10B0C23F237CC9D40029247F /* 19-11-14C 字符集转换 */ = {
			isa = PBXGroup;
			children = (
				10B0C240237CC9D40029247F /* main.c */,
				10B0C25A237E94CC0029247F /* main1.c */,
				10B0C25C237E9B950029247F /* main2.c */,
				10B0C25E237E9C2E0029247F /* main3.c */,
			);
			path = "19-11-14C 字符集转换";
			sourceTree = "<group>";
		};
/* End PBXGroup section */

/* Begin PBXNativeTarget section */
		10B0C23C237CC9D40029247F /* 19-11-14C 字符集转换 */ = {
			isa = PBXNativeTarget;
			buildConfigurationList = 10B0C244237CC9D40029247F /* Build configuration list for PBXNativeTarget "19-11-14C 字符集转换" */;
			buildPhases = (
				10B0C239237CC9D40029247F /* Sources */,
				10B0C23A237CC9D40029247F /* Frameworks */,
				10B0C23B237CC9D40029247F /* CopyFiles */,
			);
			buildRules = (
			);
			dependencies = (
			);
			name = "19-11-14C 字符集转换";
			productName = "19-11-14C 字符集转换";
			productReference = 10B0C23D237CC9D40029247F /* 19-11-14C 字符集转换 */;
			productType = "com.apple.product-type.tool";
		};
/* End PBXNativeTarget section */

/* Begin PBXProject section */
		10B0C235237CC9D40029247F /* Project object */ = {
			isa = PBXProject;
			attributes = {
				LastUpgradeCheck = 1010;
				ORGANIZATIONNAME = "王逍遥";
				TargetAttributes = {
					10B0C23C237CC9D40029247F = {
						CreatedOnToolsVersion = 10.1;
					};
				};
			};
			buildConfigurationList = 10B0C238237CC9D40029247F /* Build configuration list for PBXProject "19-11-14C 字符集转换" */;
			compatibilityVersion = "Xcode 9.3";
			developmentRegion = en;
			hasScannedForEncodings = 0;
			knownRegions = (
				en,
			);
			mainGroup = 10B0C234237CC9D40029247F;
			productRefGroup = 10B0C23E237CC9D40029247F /* Products */;
			projectDirPath = "";
			projectRoot = "";
			targets = (
				10B0C23C237CC9D40029247F /* 19-11-14C 字符集转换 */,
			);
		};
/* End PBXProject section */

/* Begin PBXSourcesBuildPhase section */
		10B0C239237CC9D40029247F /* Sources */ = {
			isa = PBXSourcesBuildPhase;
			buildActionMask = 2147483647;
			files = (
				10B0C25F237E9C2E0029247F /* main3.c in Sources */,
				10B0C25D237E9B950029247F /* main2.c in Sources */,
				10B0C25B237E94CC0029247F /* main1.c in Sources */,
				10B0C241237CC9D40029247F /* main.c in Sources */,
			);
			runOnlyForDeploymentPostprocessing = 0;
		};
/* End PBXSourcesBuildPhase section */

/* Begin XCBuildConfiguration section */
		10B0C242237CC9D40029247F /* Debug */ = {
			isa = XCBuildConfiguration;
			buildSettings = {
				ALWAYS_SEARCH_USER_PATHS = NO;
				CLANG_ANALYZER_NONNULL = YES;
				CLANG_ANALYZER_NUMBER_OBJECT_CONVERSION = YES_AGGRESSIVE;
				CLANG_CXX_LANGUAGE_STANDARD = "gnu++14";
				CLANG_CXX_LIBRARY = "libc++";
				CLANG_ENABLE_MODULES = YES;
				CLANG_ENABLE_OBJC_ARC = YES;
				CLANG_ENABLE_OBJC_WEAK = YES;
				CLANG_WARN_BLOCK_CAPTURE_AUTORELEASING = YES;
				CLANG_WARN_BOOL_CONVERSION = YES;
				CLANG_WARN_COMMA = YES;
				CLANG_WARN_CONSTANT_CONVERSION = YES;
				CLANG_WARN_DEPRECATED_OBJC_IMPLEMENTATIONS = YES;
				CLANG_WARN_DIRECT_OBJC_ISA_USAGE = YES_ERROR;
				CLANG_WARN_DOCUMENTATION_COMMENTS = YES;
				CLANG_WARN_EMPTY_BODY = YES;
				CLANG_WARN_ENUM_CONVERSION = YES;
				CLANG_WARN_INFINITE_RECURSION = YES;
				CLANG_WARN_INT_CONVERSION = YES;
				CLANG_WARN_NON_LITERAL_NULL_CONVERSION = YES;
				CLANG_WARN_OBJC_IMPLICIT_RETAIN_SELF = YES;
				CLANG_WARN_OBJC_LITERAL_CONVERSION = YES;
				CLANG_WARN_OBJC_ROOT_CLASS = YES_ERROR;
				CLANG_WARN_RANGE_LOOP_ANALYSIS = YES;
				CLANG_WARN_STRICT_PROTOTYPES = YES;
				CLANG_WARN_SUSPICIOUS_MOVE = YES;
				CLANG_WARN_UNGUARDED_AVAILABILITY = YES_AGGRESSIVE;
				CLANG_WARN_UNREACHABLE_CODE = YES;
				CLANG_WARN__DUPLICATE_METHOD_MATCH = YES;
				CODE_SIGN_IDENTITY = "-";
				COPY_PHASE_STRIP = NO;
				DEBUG_INFORMATION_FORMAT = dwarf;
				ENABLE_STRICT_OBJC_MSGSEND = YES;
				ENABLE_TESTABILITY = YES;
				GCC_C_LANGUAGE_STANDARD = gnu11;
				GCC_DYNAMIC_NO_PIC = NO;
				GCC_NO_COMMON_BLOCKS = YES;
				GCC_OPTIMIZATION_LEVEL = 0;
				GCC_PREPROCESSOR_DEFINITIONS = (
					"DEBUG=1",
					"$(inherited)",
				);
				GCC_WARN_64_TO_32_BIT_CONVERSION = YES;
				GCC_WARN_ABOUT_RETURN_TYPE = YES_ERROR;
				GCC_WARN_UNDECLARED_SELECTOR = YES;
				GCC_WARN_UNINITIALIZED_AUTOS = YES_AGGRESSIVE;
				GCC_WARN_UNUSED_FUNCTION = YES;
				GCC_WARN_UNUSED_VARIABLE = YES;
				MACOSX_DEPLOYMENT_TARGET = 10.14;
				MTL_ENABLE_DEBUG_INFO = INCLUDE_SOURCE;
				MTL_FAST_MATH = YES;
				ONLY_ACTIVE_ARCH = YES;
				SDKROOT = macosx;
			};
			name = Debug;
		};
		10B0C243237CC9D40029247F /* Release */ = {
			isa = XCBuildConfiguration;
			buildSettings = {
				ALWAYS_SEARCH_USER_PATHS = NO;
				CLANG_ANALYZER_NONNULL = YES;
				CLANG_ANALYZER_NUMBER_OBJECT_CONVERSION = YES_AGGRESSIVE;
				CLANG_CXX_LANGUAGE_STANDARD = "gnu++14";
				CLANG_CXX_LIBRARY = "libc++";
				CLANG_ENABLE_MODULES = YES;
				CLANG_ENABLE_OBJC_ARC = YES;
				CLANG_ENABLE_OBJC_WEAK = YES;
				CLANG_WARN_BLOCK_CAPTURE_AUTORELEASING = YES;
				CLANG_WARN_BOOL_CONVERSION = YES;
				CLANG_WARN_COMMA = YES;
				CLANG_WARN_CONSTANT_CONVERSION = YES;
				CLANG_WARN_DEPRECATED_OBJC_IMPLEMENTATIONS = YES;
				CLANG_WARN_DIRECT_OBJC_ISA_USAGE = YES_ERROR;
				CLANG_WARN_DOCUMENTATION_COMMENTS = YES;
				CLANG_WARN_EMPTY_BODY = YES;
				CLANG_WARN_ENUM_CONVERSION = YES;
				CLANG_WARN_INFINITE_RECURSION = YES;
				CLANG_WARN_INT_CONVERSION = YES;
				CLANG_WARN_NON_LITERAL_NULL_CONVERSION = YES;
				CLANG_WARN_OBJC_IMPLICIT_RETAIN_SELF = YES;
				CLANG_WARN_OBJC_LITERAL_CONVERSION = YES;
				CLANG_WARN_OBJC_ROOT_CLASS = YES_ERROR;
				CLANG_WARN_RANGE_LOOP_ANALYSIS = YES;
				CLANG_WARN_STRICT_PROTOTYPES = YES;
				CLANG_WARN_SUSPICIOUS_MOVE = YES;
				CLANG_WARN_UNGUARDED_AVAILABILITY = YES_AGGRESSIVE;
				CLANG_WARN_UNREACHABLE_CODE = YES;
				CLANG_WARN__DUPLICATE_METHOD_MATCH = YES;
				CODE_SIGN_IDENTITY = "-";
				COPY_PHASE_STRIP = NO;
				DEBUG_INFORMATION_FORMAT = "dwarf-with-dsym";
				ENABLE_NS_ASSERTIONS = NO;
				ENABLE_STRICT_OBJC_MSGSEND = YES;
				GCC_C_LANGUAGE_STANDARD = gnu11;
				GCC_NO_COMMON_BLOCKS = YES;
				GCC_WARN_64_TO_32_BIT_CONVERSION = YES;
				GCC_WARN_ABOUT_RETURN_TYPE = YES_ERROR;
				GCC_WARN_UNDECLARED_SELECTOR = YES;
				GCC_WARN_UNINITIALIZED_AUTOS = YES_AGGRESSIVE;
				GCC_WARN_UNUSED_FUNCTION = YES;
				GCC_WARN_UNUSED_VARIABLE = YES;
				MACOSX_DEPLOYMENT_TARGET = 10.14;
				MTL_ENABLE_DEBUG_INFO = NO;
				MTL_FAST_MATH = YES;
				SDKROOT = macosx;
			};
			name = Release;
		};
		10B0C245237CC9D40029247F /* Debug */ = {
			isa = XCBuildConfiguration;
			buildSettings = {
				CODE_SIGN_STYLE = Automatic;
				PRODUCT_NAME = "$(TARGET_NAME)";
			};
			name = Debug;
		};
		10B0C246237CC9D40029247F /* Release */ = {
			isa = XCBuildConfiguration;
			buildSettings = {
				CODE_SIGN_STYLE = Automatic;
				PRODUCT_NAME = "$(TARGET_NAME)";
			};
			name = Release;
		};
/* End XCBuildConfiguration section */

/* Begin XCConfigurationList section */
		10B0C238237CC9D40029247F /* Build configuration list for PBXProject "19-11-14C 字符集转换" */ = {
			isa = XCConfigurationList;
			buildConfigurations = (
				10B0C242237CC9D40029247F /* Debug */,
				10B0C243237CC9D40029247F /* Release */,
			);
			defaultConfigurationIsVisible = 0;
			defaultConfigurationName = Release;
		};
		10B0C244237CC9D40029247F /* Build configuration list for PBXNativeTarget "19-11-14C 字符集转换" */ = {
			isa = XCConfigurationList;
			buildConfigurations = (
				10B0C245237CC9D40029247F /* Debug */,
				10B0C246237CC9D40029247F /* Release */,
			);
			defaultConfigurationIsVisible = 0;
			defaultConfigurationName = Release;
		};
/* End XCConfigurationList section */
	};
	rootObject = 10B0C235237CC9D40029247F /* Project object */;
}
